
Microsoft Visual Studio Solution File, Format Version 12.00
# Visual Studio 15
VisualStudioVersion = 15.0.28307.168
MinimumVisualStudioVersion = 10.0.40219.1
Project("{FAE04EC0-301F-11D3-BF4B-00C04F79EFBC}") = "a", "a\a.csproj", "{FD893184-1679-4029-A81C-4A095C197539}"
EndProject
Global
	GlobalSection(SolutionConfigurationPlatforms) = preSolution
		Debug|Any CPU = Debug|Any CPU
		Release|Any CPU = Release|Any CPU
	EndGlobalSection
	GlobalSection(ProjectConfigurationPlatforms) = postSolution
		{FD893184-1679-4029-A81C-4A095C197539}.Debug|Any CPU.ActiveCfg = Debug|Any CPU
		{FD893184-1679-4029-A81C-4A095C197539}.Debug|Any CPU.Build.0 = Debug|Any CPU
		{FD893184-1679-4029-A81C-4A095C197539}.Release|Any CPU.ActiveCfg = Release|Any CPU
		{FD893184-1679-4029-A81C-4A095C197539}.Release|Any CPU.Build.0 = Release|Any CPU
	EndGlobalSection
	GlobalSection(SolutionProperties) = preSolution
		HideSolutionNode = FALSE
	EndGlobalSection
	GlobalSection(ExtensibilityGlobals) = postSolution
		SolutionGuid = {BA1C17F9-6FCB-464B-8B40-F1D0A36CD5BE}
	EndGlobalSection
EndGlobal
